<Solution>
  <Folder Name="/src/">
    <Project Path="src/Infrastructure/Infrastructure.csproj" />
  </Folder>
  <Folder Name="/src/Core/">
    <Project Path="src/Core/Application/Application.csproj" />
    <Project Path="src/Core/Domain/Domain.csproj" />
  </Folder>
  <Folder Name="/src/Presentation/">
    <Project Path="src/Presentation/WebApi/WebApi.csproj" />
  </Folder>
  <Folder Name="/tests/">
    <Project Path="tests/Application.Tests/Application.Tests.csproj" />
  </Folder>
</Solution>
